<?xml version="1.0" encoding="utf-8"?>
<Project ToolsVersion="4.0" xmlns="http://schemas.microsoft.com/developer/msbuild/2003">
  <ItemGroup>
    <Filter Include="源文件">
      <UniqueIdentifier>{4FC737F1-C7A5-4376-A066-2A32D752A2FF}</UniqueIdentifier>
      <Extensions>cpp;c;cc;cxx;c++;cppm;ixx;def;odl;idl;hpj;bat;asm;asmx</Extensions>
    </Filter>
    <Filter Include="头文件">
      <UniqueIdentifier>{93995380-89BD-4b04-88EB-625FBE52EBFB}</UniqueIdentifier>
      <Extensions>h;hh;hpp;hxx;h++;hm;inl;inc;ipp;xsd</Extensions>
    </Filter>
    <Filter Include="资源文件">
      <UniqueIdentifier>{67DA6AB6-F800-4c08-8B7A-83BB121AAD01}</UniqueIdentifier>
      <Extensions>rc;ico;cur;bmp;dlg;rc2;rct;bin;rgs;gif;jpg;jpeg;jpe;resx;tiff;tif;png;wav;mfcribbon-ms</Extensions>
    </Filter>
    <Filter Include="头文件\easyXtool">
      <UniqueIdentifier>{acd68598-be66-4344-af51-081cac70ec28}</UniqueIdentifier>
    </Filter>
    <Filter Include="源文件\easyXtool">
      <UniqueIdentifier>{88853339-a435-44e8-8253-0620aaf0ea03}</UniqueIdentifier>
    </Filter>
  </ItemGroup>
  <ItemGroup>
    <ClCompile Include="校园导游.cpp">
      <Filter>源文件</Filter>
    </ClCompile>
    <ClCompile Include="CampusGuide.h">
      <Filter>头文件</Filter>
    </ClCompile>
    <ClCompile Include="..\真正的大作业——飞机订票系统\BasicWidget.cpp">
      <Filter>源文件\easyXtool</Filter>
    </ClCompile>
    <ClCompile Include="..\真正的大作业——飞机订票系统\LineEdit.cpp">
      <Filter>源文件\easyXtool</Filter>
    </ClCompile>
    <ClCompile Include="..\真正的大作业——飞机订票系统\Window.cpp">
      <Filter>源文件\easyXtool</Filter>
    </ClCompile>
    <ClCompile Include="..\真正的大作业——飞机订票系统\PushButton.cpp">
      <Filter>源文件\easyXtool</Filter>
    </ClCompile>
    <ClCompile Include="..\真正的大作业——飞机订票系统\Table.cpp">
      <Filter>源文件\easyXtool</Filter>
    </ClCompile>
    <ClCompile Include="CampusGuide.cpp">
      <Filter>源文件</Filter>
    </ClCompile>
    <ClCompile Include="Sights.cpp">
      <Filter>源文件</Filter>
    </ClCompile>
  </ItemGroup>
  <ItemGroup>
    <ClInclude Include="..\真正的大作业——飞机订票系统\BasicWidget.h">
      <Filter>头文件\easyXtool</Filter>
    </ClInclude>
    <ClInclude Include="..\真正的大作业——飞机订票系统\LineEdit.h">
      <Filter>头文件\easyXtool</Filter>
    </ClInclude>
    <ClInclude Include="..\真正的大作业——飞机订票系统\Table.h">
      <Filter>头文件\easyXtool</Filter>
    </ClInclude>
    <ClInclude Include="..\真正的大作业——飞机订票系统\PushButton.h">
      <Filter>头文件\easyXtool</Filter>
    </ClInclude>
    <ClInclude Include="..\真正的大作业——飞机订票系统\configure.h">
      <Filter>头文件\easyXtool</Filter>
    </ClInclude>
    <ClInclude Include="..\真正的大作业——飞机订票系统\Window.h">
      <Filter>头文件\easyXtool</Filter>
    </ClInclude>
    <ClInclude Include="Sights.h">
      <Filter>头文件</Filter>
    </ClInclude>
  </ItemGroup>
</Project>