<?xml version="1.0" encoding="utf-8"?>
<Project ToolsVersion="4.0" xmlns="http://schemas.microsoft.com/developer/msbuild/2003">
  <ItemGroup>
    <Filter Include="源文件">
      <UniqueIdentifier>{4FC737F1-C7A5-4376-A066-2A32D752A2FF}</UniqueIdentifier>
      <Extensions>cpp;c;cc;cxx;c++;cppm;ixx;def;odl;idl;hpj;bat;asm;asmx</Extensions>
    </Filter>
    <Filter Include="头文件">
      <UniqueIdentifier>{93995380-89BD-4b04-88EB-625FBE52EBFB}</UniqueIdentifier>
      <Extensions>h;hh;hpp;hxx;h++;hm;inl;inc;ipp;xsd</Extensions>
    </Filter>
    <Filter Include="资源文件">
      <UniqueIdentifier>{67DA6AB6-F800-4c08-8B7A-83BB121AAD01}</UniqueIdentifier>
      <Extensions>rc;ico;cur;bmp;dlg;rc2;rct;bin;rgs;gif;jpg;jpeg;jpe;resx;tiff;tif;png;wav;mfcribbon-ms</Extensions>
    </Filter>
    <Filter Include="头文件\easyXtool">
      <UniqueIdentifier>{ffbdcb3e-b158-4dd8-8f2d-35c3c8a58fa4}</UniqueIdentifier>
    </Filter>
    <Filter Include="源文件\easyXtool">
      <UniqueIdentifier>{3c264b1f-4711-4915-b612-617d7f42365b}</UniqueIdentifier>
    </Filter>
  </ItemGroup>
  <ItemGroup>
    <ClCompile Include="CampusGuide.h">
      <Filter>头文件</Filter>
    </ClCompile>
    <ClCompile Include="CampusGuide.cpp">
      <Filter>源文件</Filter>
    </ClCompile>
    <ClCompile Include="Sights.cpp">
      <Filter>源文件</Filter>
    </ClCompile>
    <ClCompile Include="BasicWidget.cpp">
      <Filter>源文件\easyXtool</Filter>
    </ClCompile>
    <ClCompile Include="LineEdit.cpp">
      <Filter>源文件\easyXtool</Filter>
    </ClCompile>
    <ClCompile Include="PushButton.cpp">
      <Filter>源文件\easyXtool</Filter>
    </ClCompile>
    <ClCompile Include="Window.cpp">
      <Filter>源文件\easyXtool</Filter>
    </ClCompile>
    <ClCompile Include="Table.cpp">
      <Filter>源文件\easyXtool</Filter>
    </ClCompile>
    <ClCompile Include="CampusGuideSystem.cpp">
      <Filter>源文件</Filter>
    </ClCompile>
    <ClCompile Include="MatGraph.cpp">
      <Filter>源文件</Filter>
    </ClCompile>
  </ItemGroup>
  <ItemGroup>
    <ClInclude Include="Sights.h">
      <Filter>头文件</Filter>
    </ClInclude>
    <ClInclude Include="BasicWidget.h">
      <Filter>头文件\easyXtool</Filter>
    </ClInclude>
    <ClInclude Include="PushButton.h">
      <Filter>头文件\easyXtool</Filter>
    </ClInclude>
    <ClInclude Include="LineEdit.h">
      <Filter>头文件\easyXtool</Filter>
    </ClInclude>
    <ClInclude Include="Table.h">
      <Filter>头文件\easyXtool</Filter>
    </ClInclude>
    <ClInclude Include="Window.h">
      <Filter>头文件\easyXtool</Filter>
    </ClInclude>
    <ClInclude Include="configure.h">
      <Filter>头文件\easyXtool</Filter>
    </ClInclude>
    <ClInclude Include="MatGraph.h">
      <Filter>头文件</Filter>
    </ClInclude>
  </ItemGroup>
</Project>